PODS:
  - Firebase/CoreOnly (5.19.0):
    - FirebaseCore (= 5.4.0)
  - Firebase/MLVision (5.19.0):
    - Firebase/CoreOnly
    - FirebaseMLVision (= 0.15.0)
  - Firebase/MLVisionBarcodeModel (5.19.0):
    - Firebase/CoreOnly
    - FirebaseMLVisionBarcodeModel (= 0.15.0)
  - Firebase/MLVisionTextModel (5.19.0):
    - Firebase/CoreOnly
    - FirebaseMLVisionTextModel (= 0.15.0)
  - FirebaseCore (5.4.0):
    - GoogleUtilities/Environment (~> 5.2)
    - GoogleUtilities/Logger (~> 5.2)
  - FirebaseInstanceID (3.8.0):
    - FirebaseCore (~> 5.2)
    - GoogleUtilities/Environment (~> 5.2)
    - GoogleUtilities/UserDefaults (~> 5.2)
  - FirebaseMLCommon (0.15.0):
    - FirebaseCore (~> 5.4)
    - FirebaseInstanceID (~> 3.8)
    - GoogleUtilities/UserDefaults (~> 5.3)
    - GTMSessionFetcher/Core (~> 1.1)
  - FirebaseMLVision (0.15.0):
    - FirebaseCore (~> 5.4)
    - FirebaseMLCommon (~> 0.15)
    - GoogleAPIClientForREST/Core (~> 1.3)
    - GoogleAPIClientForREST/Vision (~> 1.3)
    - GoogleMobileVision/Detector (~> 1.4)
  - FirebaseMLVisionBarcodeModel (0.15.0):
    - GoogleMobileVision/BarcodeDetector (~> 1.4)
  - FirebaseMLVisionTextModel (0.15.0):
    - GoogleMobileVision/TextDetector (~> 1.4)
  - GoogleAPIClientForREST/Core (1.3.8):
    - GTMSessionFetcher (>= 1.1.7)
  - GoogleAPIClientForREST/Vision (1.3.8):
    - GoogleAPIClientForREST/Core
    - GTMSessionFetcher (>= 1.1.7)
  - GoogleMobileVision/BarcodeDetector (1.5.0):
    - GoogleMobileVision/Detector (~> 1.5)
  - GoogleMobileVision/Detector (1.5.0):
    - GoogleToolboxForMac/Logger (~> 2.1)
    - "GoogleToolboxForMac/NSData+zlib (~> 2.1)"
    - GTMSessionFetcher/Core (~> 1.1)
    - Protobuf (~> 3.1)
  - GoogleMobileVision/TextDetector (1.5.0):
    - GoogleMobileVision/Detector (~> 1.5)
  - GoogleToolboxForMac/Defines (2.2.0)
  - GoogleToolboxForMac/Logger (2.2.0):
    - GoogleToolboxForMac/Defines (= 2.2.0)
  - "GoogleToolboxForMac/NSData+zlib (2.2.0)":
    - GoogleToolboxForMac/Defines (= 2.2.0)
  - GoogleUtilities/Environment (5.5.0)
  - GoogleUtilities/Logger (5.5.0):
    - GoogleUtilities/Environment
  - GoogleUtilities/UserDefaults (5.5.0):
    - GoogleUtilities/Logger
  - GTMSessionFetcher (1.2.1):
    - GTMSessionFetcher/Full (= 1.2.1)
  - GTMSessionFetcher/Core (1.2.1)
  - GTMSessionFetcher/Full (1.2.1):
    - GTMSessionFetcher/Core (= 1.2.1)
  - Protobuf (3.7.0)

DEPENDENCIES:
  - Firebase/MLVision
  - Firebase/MLVisionBarcodeModel
  - Firebase/MLVisionTextModel
  - FirebaseCore

SPEC REPOS:
  https://github.com/cocoapods/specs.git:
    - Firebase
    - FirebaseCore
    - FirebaseInstanceID
    - FirebaseMLCommon
    - FirebaseMLVision
    - FirebaseMLVisionBarcodeModel
    - FirebaseMLVisionTextModel
    - GoogleAPIClientForREST
    - GoogleMobileVision
    - GoogleToolboxForMac
    - GoogleUtilities
    - GTMSessionFetcher
    - Protobuf

SPEC CHECKSUMS:
  Firebase: c60d49e9c2630875a96207d15e2affb8364996d1
  FirebaseCore: 22a79a961c3951ef2f77b67bfbc99e454247b319
  FirebaseInstanceID: cf488df2f4b79782f0e430b04a0e17c0aa7979b2
  FirebaseMLCommon: 192c49ec584f1fb559747f1da8052441158b04d7
  FirebaseMLVision: 257d9f1eaac1565f4dac67adf8b76805fa2a9a80
  FirebaseMLVisionBarcodeModel: cd84fe257bc02ac93beffc9b9d650d935977a5b1
  FirebaseMLVisionTextModel: 8094f552d742bea9ca7ec0fc9164e11ce6de9fc8
  GoogleAPIClientForREST: 5447a194eae517986cafe6421a5330b80b820591
  GoogleMobileVision: a1f93108b3527d67339e2de80e1db76645f9e8b9
  GoogleToolboxForMac: ff31605b7d66400dcec09bed5861689aebadda4d
  GoogleUtilities: 6481e6318c5fcabaaa8513ef8120f329055d7c10
  GTMSessionFetcher: 32aeca0aa144acea523e1c8e053089dec2cb98ca
  Protobuf: 7a877b7f3e5964e3fce995e2eb323dbc6831bb5a

PODFILE CHECKSUM: 2be21a3a3cdba00186bd1627ca74adb493e9879b

COCOAPODS: 1.6.1
